github.com/koykov/bitset v1.0.0 h1:2mEbAhKelhpdWqnpa+mR3HRhdMsto5od7ACOi6MIAmk=
github.com/koykov/bitset v1.0.0/go.mod h1:DVR3bH49c1oOcNtD38h+aQq7lp1ZY91cXmjOldlTk8A=
github.com/koykov/bytealg v1.0.1 h1:WlD9/4PMThmfQuIRVpVCujzM/3AVTEwlgvaYrErO9Nk=
github.com/koykov/bytealg v1.0.1/go.mod h1:kMvejxwPkAt7YfHpB1PQ/utMwKpHSY54u1rCxna6Wvg=
github.com/koykov/byteptr v1.0.0 h1:tOMEM2qwfFOKTeMNgnzHKyBVWeXxiD1SduLlbzVKJJg=
github.com/koykov/byteptr v1.0.0/go.mod h1:SSRuU7v8JgUo1deHib6Za8s6ya1PQEG2gNpRVKsO3QM=
github.com/koykov/fastconv v1.0.0 h1:WnsCYcrrQkUWEKK4VbVX7BuGb6jFhE8Q0Ebl3eAkHic=
github.com/koykov/fastconv v1.0.0/go.mod h1:Y7I12pumAx+2iH1Yh0X85UpywP7IET/+M7S17toJBes=
github.com/koykov/indirect v1.0.0 h1:3kog1xvVUEB2142K2/AZRhnOKN2N8KNahHHkE+KT7ec=
github.com/koykov/indirect v1.0.0/go.mod h1:2qWC0hrIHIexlKaqPA0VWEa0s2V/qxxNJv7XPncnh2I=
