github.com/koykov/bitset v1.0.0 h1:2mEbAhKelhpdWqnpa+mR3HRhdMsto5od7ACOi6MIAmk=
github.com/koykov/bitset v1.0.0/go.mod h1:DVR3bH49c1oOcNtD38h+aQq7lp1ZY91cXmjOldlTk8A=
github.com/koykov/bytealg v1.0.7 h1:ngSt++EtxtRjV5FZf5fq6na0Oia613Tuv1TrjBROG0Y=
github.com/koykov/bytealg v1.0.7/go.mod h1:Dq7slZGHY2742UKHvVYrIxriJD+BluhCz09Ep8HbB5Y=
github.com/koykov/byteconv v1.0.1 h1:5Yb6++P+HnipDW/V9rHXR7CyS0ZFncspT4isvt65fFA=
github.com/koykov/byteconv v1.0.1/go.mod h1:viZknv/akQJrXOQS3bZu2U7TE+gjA03LFQpSsRExZR4=
github.com/koykov/byteseq v1.0.2 h1:LVPEudSAoR5kWEH1JZ5q64fFn/LIFFs+4WgmDZ3zyIo=
github.com/koykov/byteseq v1.0.2/go.mod h1:JlIJ6P3/ocuGNRbTVyP0NVRS/ExofhOS8g7mtefjefw=
github.com/koykov/entry v1.0.2 h1:6mZJUt4POGQHRPJ9Iw4GyIZJi9wj2lews3yRRNHfTY4=
github.com/koykov/entry v1.0.2/go.mod h1:WmCy/YM0sPb4ETL9wYY0OJwO89KJ7qeQPGOwLUG4rZU=
github.com/koykov/indirect v1.0.1 h1:1veVipIWBeklFHMvzuwhL82X5eDaJzN+hPeVGRvu22Y=
github.com/koykov/indirect v1.0.1/go.mod h1:2qWC0hrIHIexlKaqPA0VWEa0s2V/qxxNJv7XPncnh2I=
github.com/koykov/simd v0.0.9-0.20251230205552-a9758e402c50 h1:Psl3gF7XFy/fhAmYZNyoF0+sKfknMHap6SICUu8bHGI=
github.com/koykov/simd v0.0.9-0.20251230205552-a9758e402c50/go.mod h1:sxZxJ0LR+ZMZ85Gg6Ujd4ABNst4bNf9ylh894fpohp8=
golang.org/x/sys v0.30.0 h1:QjkSwP/36a20jFYWkSue1YwXzLmsV5Gfq7Eiy72C1uc=
golang.org/x/sys v0.30.0/go.mod h1:/VUhepiaJMQUp4+oa/7Zr1D23ma6VTLIYjOOTFZPUcA=
